<?xml version="1.0" encoding="UTF-8"?>
<Scheme
   version = "1.3">
   <BuildAction>
      <BuildActionEntries>
         <BuildActionEntry
            buildForRunning = "YES">
            <BuildableReference
               BuildableIdentifier = "primary"
               BlueprintIdentifier = "240AE8451FF16D39000D182E"
               BuildableName = "Stanford Calculator.app"
               BlueprintName = "Stanford Calculator"
               ReferencedContainer = "container:Stanford Calculator.xcodeproj">
            </BuildableReference>
         </BuildActionEntry>
      </BuildActionEntries>
   </BuildAction>
   <LaunchAction
      useCustomWorkingDirectory = "NO"
      buildConfiguration = "Debug">
      <BuildableProductRunnable>
         <BuildableReference
            BuildableIdentifier = "primary"
            BlueprintIdentifier = "240AE8451FF16D39000D182E"
            BuildableName = "Stanford Calculator.app"
            BlueprintName = "Stanford Calculator"
            ReferencedContainer = "container:Stanford Calculator.xcodeproj">
         </BuildableReference>
      </BuildableProductRunnable>
   </LaunchAction>
</Scheme>
